// !$*UTF8*$!
{
	archiveVersion = 1;
	classes = {
	};
	objectVersion = 46;
	objects = {

/* Begin PBXBuildFile section */
		1D60589F0D05DD5A006BFB54 /* Foundation.framework in Frameworks */ = {isa = PBXBuildFile; fileRef = 1D30AB110D05D00D00671497 /* Foundation.framework */; };
		1DF5F4E00D08C38300B7A737 /* UIKit.framework in Frameworks */ = {isa = PBXBuildFile; fileRef = 1DF5F4DF0D08C38300B7A737 /* UIKit.framework */; };
		288765FD0DF74451002DB57D /* CoreGraphics.framework in Frameworks */ = {isa = PBXBuildFile; fileRef = 288765FC0DF74451002DB57D /* CoreGraphics.framework */; };
		3C2AAB0D14FD6378006A25CC /* libofxGeneric.a in Frameworks */ = {isa = PBXBuildFile; fileRef = 3C2AAB0614FD633A006A25CC /* libofxGeneric.a */; };
		3C45179514E9AF1E0021A21F /* LumosityUtility.cpp in Sources */ = {isa = PBXBuildFile; fileRef = 3C45179314E9AF1E0021A21F /* LumosityUtility.cpp */; };
		3C55642D1523D23C0063AFFC /* InfoView.cpp in Sources */ = {isa = PBXBuildFile; fileRef = 3C55642B1523D23C0063AFFC /* InfoView.cpp */; };
		3C5BD6E2156C0A9300E44854 /* icon-72.png in Resources */ = {isa = PBXBuildFile; fileRef = 3C5BD6DF156C0A9300E44854 /* icon-72.png */; };
		3C5BD6E3156C0A9300E44854 /* icon-144.png in Resources */ = {isa = PBXBuildFile; fileRef = 3C5BD6E0156C0A9300E44854 /* icon-144.png */; };
		3C5BD6E4156C0A9300E44854 /* icon.png in Resources */ = {isa = PBXBuildFile; fileRef = 3C5BD6E1156C0A9300E44854 /* icon.png */; };
		3C5BD6EB156C0D7800E44854 /* icon-57.png in Resources */ = {isa = PBXBuildFile; fileRef = 3C5BD6E9156C0D7800E44854 /* icon-57.png */; };
		3C5BD6EC156C0D7800E44854 /* icon-114.png in Resources */ = {isa = PBXBuildFile; fileRef = 3C5BD6EA156C0D7800E44854 /* icon-114.png */; };
		3C624C9814C60787009601B3 /* PlatformInfo.cpp in Sources */ = {isa = PBXBuildFile; fileRef = 3C624C9114C60787009601B3 /* PlatformInfo.cpp */; };
		3C624C9914C60787009601B3 /* main.cpp in Sources */ = {isa = PBXBuildFile; fileRef = 3C624C9214C60787009601B3 /* main.cpp */; };
		3C754163164C4B0B0074EF1C /* Debug.xcconfig in Resources */ = {isa = PBXBuildFile; fileRef = 3C75415E164C4B0B0074EF1C /* Debug.xcconfig */; };
		3C754164164C4B0B0074EF1C /* Distribution.xcconfig in Resources */ = {isa = PBXBuildFile; fileRef = 3C75415F164C4B0B0074EF1C /* Distribution.xcconfig */; };
		3C754165164C4B0B0074EF1C /* Release.xcconfig in Resources */ = {isa = PBXBuildFile; fileRef = 3C754160164C4B0B0074EF1C /* Release.xcconfig */; };
		3C754166164C4B0B0074EF1C /* SharedProject.xcconfig in Resources */ = {isa = PBXBuildFile; fileRef = 3C754161164C4B0B0074EF1C /* SharedProject.xcconfig */; };
		3C754167164C4B0B0074EF1C /* TestDistribution.xcconfig in Resources */ = {isa = PBXBuildFile; fileRef = 3C754162164C4B0B0074EF1C /* TestDistribution.xcconfig */; };
		3C99C5EC165428F2004D4E7C /* SystemConfiguration.framework in Frameworks */ = {isa = PBXBuildFile; fileRef = 3C99C5EB165428F2004D4E7C /* SystemConfiguration.framework */; };
		3CDECEA8156C1B2600E4F80B /* Default.png in Resources */ = {isa = PBXBuildFile; fileRef = 3CDECEA6156C1B2600E4F80B /* Default.png */; };
		3CDECEA9156C1B2600E4F80B /* Default@2x.png in Resources */ = {isa = PBXBuildFile; fileRef = 3CDECEA7156C1B2600E4F80B /* Default@2x.png */; };
		5326AEA810A23A0500278DE6 /* CoreLocation.framework in Frameworks */ = {isa = PBXBuildFile; fileRef = 5326AEA710A23A0500278DE6 /* CoreLocation.framework */; };
		53F323EB10A20EDB00E0DAE4 /* OpenAL.framework in Frameworks */ = {isa = PBXBuildFile; fileRef = 53F323EA10A20EDB00E0DAE4 /* OpenAL.framework */; };
		BB16EBD20F2B2A9500518274 /* OpenGLES.framework in Frameworks */ = {isa = PBXBuildFile; fileRef = BB16EBD10F2B2A9500518274 /* OpenGLES.framework */; };
		BB16EBD90F2B2AB500518274 /* QuartzCore.framework in Frameworks */ = {isa = PBXBuildFile; fileRef = BB16EBD80F2B2AB500518274 /* QuartzCore.framework */; };
		BBE5EAB80F49AD8400F28951 /* AudioToolbox.framework in Frameworks */ = {isa = PBXBuildFile; fileRef = BBE5EAB70F49AD8400F28951 /* AudioToolbox.framework */; };
		E41D400B13B39D2100A75A5D /* AVFoundation.framework in Frameworks */ = {isa = PBXBuildFile; fileRef = E41D400613B39D2100A75A5D /* AVFoundation.framework */; };
		E41D400C13B39D2100A75A5D /* CoreMedia.framework in Frameworks */ = {isa = PBXBuildFile; fileRef = E41D400713B39D2100A75A5D /* CoreMedia.framework */; };
		E41D400D13B39D2100A75A5D /* CoreVideo.framework in Frameworks */ = {isa = PBXBuildFile; fileRef = E41D400813B39D2100A75A5D /* CoreVideo.framework */; };
		E41D400E13B39D2100A75A5D /* MapKit.framework in Frameworks */ = {isa = PBXBuildFile; fileRef = E41D400913B39D2100A75A5D /* MapKit.framework */; };
/* End PBXBuildFile section */

/* Begin PBXContainerItemProxy section */
		3C2AAB0514FD633A006A25CC /* PBXContainerItemProxy */ = {
			isa = PBXContainerItemProxy;
			containerPortal = 3C2AAAFC14FD6339006A25CC /* ofxGeneric.xcodeproj */;
			proxyType = 2;
			remoteGlobalIDString = 3C7B4DDA14FC78A1003121FE;
			remoteInfo = ofxGeneric;
		};
		3C2AAB0E14FD6380006A25CC /* PBXContainerItemProxy */ = {
			isa = PBXContainerItemProxy;
			containerPortal = 3C2AAAFC14FD6339006A25CC /* ofxGeneric.xcodeproj */;
			proxyType = 1;
			remoteGlobalIDString = 3C7B4DD914FC78A1003121FE;
			remoteInfo = ofxGeneric;
		};
/* End PBXContainerItemProxy section */

/* Begin PBXFileReference section */
		1D30AB110D05D00D00671497 /* Foundation.framework */ = {isa = PBXFileReference; lastKnownFileType = wrapper.framework; name = Foundation.framework; path = System/Library/Frameworks/Foundation.framework; sourceTree = SDKROOT; };
		1D6058910D05DD3D006BFB54 /* MobilePlatformInfo.app */ = {isa = PBXFileReference; explicitFileType = wrapper.application; includeInIndex = 0; path = MobilePlatformInfo.app; sourceTree = BUILT_PRODUCTS_DIR; };
		1DF5F4DF0D08C38300B7A737 /* UIKit.framework */ = {isa = PBXFileReference; lastKnownFileType = wrapper.framework; name = UIKit.framework; path = System/Library/Frameworks/UIKit.framework; sourceTree = SDKROOT; };
		288765FC0DF74451002DB57D /* CoreGraphics.framework */ = {isa = PBXFileReference; lastKnownFileType = wrapper.framework; name = CoreGraphics.framework; path = System/Library/Frameworks/CoreGraphics.framework; sourceTree = SDKROOT; };
		32CA4F630368D1EE00C91783 /* iOS_Prefix.pch */ = {isa = PBXFileReference; fileEncoding = 4; lastKnownFileType = sourcecode.c.h; path = iOS_Prefix.pch; sourceTree = "<group>"; };
		3C2AAAFC14FD6339006A25CC /* ofxGeneric.xcodeproj */ = {isa = PBXFileReference; lastKnownFileType = "wrapper.pb-project"; name = ofxGeneric.xcodeproj; path = ../addons/ofxGeneric/ofxGeneric.xcodeproj; sourceTree = "<group>"; };
		3C45179314E9AF1E0021A21F /* LumosityUtility.cpp */ = {isa = PBXFileReference; explicitFileType = sourcecode.cpp.objcpp; fileEncoding = 4; path = LumosityUtility.cpp; sourceTree = "<group>"; };
		3C45179414E9AF1E0021A21F /* LumosityUtility.h */ = {isa = PBXFileReference; fileEncoding = 4; lastKnownFileType = sourcecode.c.h; path = LumosityUtility.h; sourceTree = "<group>"; };
		3C55642B1523D23C0063AFFC /* InfoView.cpp */ = {isa = PBXFileReference; explicitFileType = sourcecode.cpp.objcpp; fileEncoding = 4; path = InfoView.cpp; sourceTree = "<group>"; };
		3C55642C1523D23C0063AFFC /* InfoView.h */ = {isa = PBXFileReference; fileEncoding = 4; lastKnownFileType = sourcecode.c.h; path = InfoView.h; sourceTree = "<group>"; };
		3C5BD6DF156C0A9300E44854 /* icon-72.png */ = {isa = PBXFileReference; lastKnownFileType = image.png; path = "icon-72.png"; sourceTree = "<group>"; };
		3C5BD6E0156C0A9300E44854 /* icon-144.png */ = {isa = PBXFileReference; lastKnownFileType = image.png; path = "icon-144.png"; sourceTree = "<group>"; };
		3C5BD6E1156C0A9300E44854 /* icon.png */ = {isa = PBXFileReference; lastKnownFileType = image.png; path = icon.png; sourceTree = "<group>"; };
		3C5BD6E9156C0D7800E44854 /* icon-57.png */ = {isa = PBXFileReference; lastKnownFileType = image.png; path = "icon-57.png"; sourceTree = "<group>"; };
		3C5BD6EA156C0D7800E44854 /* icon-114.png */ = {isa = PBXFileReference; lastKnownFileType = image.png; path = "icon-114.png"; sourceTree = "<group>"; };
		3C624C9014C60787009601B3 /* PlatformInfo.h */ = {isa = PBXFileReference; fileEncoding = 4; lastKnownFileType = sourcecode.c.h; path = PlatformInfo.h; sourceTree = "<group>"; };
		3C624C9114C60787009601B3 /* PlatformInfo.cpp */ = {isa = PBXFileReference; explicitFileType = sourcecode.cpp.objcpp; fileEncoding = 4; path = PlatformInfo.cpp; sourceTree = "<group>"; };
		3C624C9214C60787009601B3 /* main.cpp */ = {isa = PBXFileReference; explicitFileType = sourcecode.cpp.objcpp; fileEncoding = 4; path = main.cpp; sourceTree = "<group>"; };
		3C75415E164C4B0B0074EF1C /* Debug.xcconfig */ = {isa = PBXFileReference; fileEncoding = 4; lastKnownFileType = text.xcconfig; path = Debug.xcconfig; sourceTree = "<group>"; };
		3C75415F164C4B0B0074EF1C /* Distribution.xcconfig */ = {isa = PBXFileReference; fileEncoding = 4; lastKnownFileType = text.xcconfig; path = Distribution.xcconfig; sourceTree = "<group>"; };
		3C754160164C4B0B0074EF1C /* Release.xcconfig */ = {isa = PBXFileReference; fileEncoding = 4; lastKnownFileType = text.xcconfig; path = Release.xcconfig; sourceTree = "<group>"; };
		3C754161164C4B0B0074EF1C /* SharedProject.xcconfig */ = {isa = PBXFileReference; fileEncoding = 4; lastKnownFileType = text.xcconfig; path = SharedProject.xcconfig; sourceTree = "<group>"; };
		3C754162164C4B0B0074EF1C /* TestDistribution.xcconfig */ = {isa = PBXFileReference; fileEncoding = 4; lastKnownFileType = text.xcconfig; path = TestDistribution.xcconfig; sourceTree = "<group>"; };
		3C99C5EB165428F2004D4E7C /* SystemConfiguration.framework */ = {isa = PBXFileReference; lastKnownFileType = wrapper.framework; name = SystemConfiguration.framework; path = System/Library/Frameworks/SystemConfiguration.framework; sourceTree = SDKROOT; };
		3CA6DD191511908D00388936 /* PlatformInfo.entitlements */ = {isa = PBXFileReference; lastKnownFileType = text.xml; path = PlatformInfo.entitlements; sourceTree = "<group>"; };
		3CDECEA6156C1B2600E4F80B /* Default.png */ = {isa = PBXFileReference; lastKnownFileType = image.png; path = Default.png; sourceTree = "<group>"; };
		3CDECEA7156C1B2600E4F80B /* Default@2x.png */ = {isa = PBXFileReference; lastKnownFileType = image.png; path = "Default@2x.png"; sourceTree = "<group>"; };
		5326AEA710A23A0500278DE6 /* CoreLocation.framework */ = {isa = PBXFileReference; lastKnownFileType = wrapper.framework; name = CoreLocation.framework; path = System/Library/Frameworks/CoreLocation.framework; sourceTree = SDKROOT; };
		53F323EA10A20EDB00E0DAE4 /* OpenAL.framework */ = {isa = PBXFileReference; lastKnownFileType = wrapper.framework; name = OpenAL.framework; path = System/Library/Frameworks/OpenAL.framework; sourceTree = SDKROOT; };
		BB16EBD10F2B2A9500518274 /* OpenGLES.framework */ = {isa = PBXFileReference; lastKnownFileType = wrapper.framework; name = OpenGLES.framework; path = System/Library/Frameworks/OpenGLES.framework; sourceTree = SDKROOT; };
		BB16EBD80F2B2AB500518274 /* QuartzCore.framework */ = {isa = PBXFileReference; lastKnownFileType = wrapper.framework; name = QuartzCore.framework; path = System/Library/Frameworks/QuartzCore.framework; sourceTree = SDKROOT; };
		BB24DDC910DA781C00E9C588 /* iOS-Info.plist */ = {isa = PBXFileReference; fileEncoding = 4; lastKnownFileType = text.plist.xml; path = "iOS-Info.plist"; sourceTree = "<group>"; };
		BBE5EAB70F49AD8400F28951 /* AudioToolbox.framework */ = {isa = PBXFileReference; lastKnownFileType = wrapper.framework; name = AudioToolbox.framework; path = System/Library/Frameworks/AudioToolbox.framework; sourceTree = SDKROOT; };
		E41D400613B39D2100A75A5D /* AVFoundation.framework */ = {isa = PBXFileReference; lastKnownFileType = wrapper.framework; name = AVFoundation.framework; path = System/Library/Frameworks/AVFoundation.framework; sourceTree = SDKROOT; };
		E41D400713B39D2100A75A5D /* CoreMedia.framework */ = {isa = PBXFileReference; lastKnownFileType = wrapper.framework; name = CoreMedia.framework; path = System/Library/Frameworks/CoreMedia.framework; sourceTree = SDKROOT; };
		E41D400813B39D2100A75A5D /* CoreVideo.framework */ = {isa = PBXFileReference; lastKnownFileType = wrapper.framework; name = CoreVideo.framework; path = System/Library/Frameworks/CoreVideo.framework; sourceTree = SDKROOT; };
		E41D400913B39D2100A75A5D /* MapKit.framework */ = {isa = PBXFileReference; lastKnownFileType = wrapper.framework; name = MapKit.framework; path = System/Library/Frameworks/MapKit.framework; sourceTree = SDKROOT; };
		E4A823A312561BE3002F86A2 /* CoreGraphics.framework */ = {isa = PBXFileReference; lastKnownFileType = wrapper.framework; name = CoreGraphics.framework; path = System/Library/Frameworks/CoreGraphics.framework; sourceTree = SDKROOT; };
/* End PBXFileReference section */

/* Begin PBXFrameworksBuildPhase section */
		1D60588F0D05DD3D006BFB54 /* Frameworks */ = {
			isa = PBXFrameworksBuildPhase;
			buildActionMask = 2147483647;
			files = (
				3C99C5EC165428F2004D4E7C /* SystemConfiguration.framework in Frameworks */,
				3C2AAB0D14FD6378006A25CC /* libofxGeneric.a in Frameworks */,
				1D60589F0D05DD5A006BFB54 /* Foundation.framework in Frameworks */,
				1DF5F4E00D08C38300B7A737 /* UIKit.framework in Frameworks */,
				288765FD0DF74451002DB57D /* CoreGraphics.framework in Frameworks */,
				BB16EBD20F2B2A9500518274 /* OpenGLES.framework in Frameworks */,
				BB16EBD90F2B2AB500518274 /* QuartzCore.framework in Frameworks */,
				BBE5EAB80F49AD8400F28951 /* AudioToolbox.framework in Frameworks */,
				53F323EB10A20EDB00E0DAE4 /* OpenAL.framework in Frameworks */,
				5326AEA810A23A0500278DE6 /* CoreLocation.framework in Frameworks */,
				E41D400B13B39D2100A75A5D /* AVFoundation.framework in Frameworks */,
				E41D400C13B39D2100A75A5D /* CoreMedia.framework in Frameworks */,
				E41D400D13B39D2100A75A5D /* CoreVideo.framework in Frameworks */,
				E41D400E13B39D2100A75A5D /* MapKit.framework in Frameworks */,
			);
			runOnlyForDeploymentPostprocessing = 0;
		};
/* End PBXFrameworksBuildPhase section */

/* Begin PBXGroup section */
		19C28FACFE9D520D11CA2CBB /* Products */ = {
			isa = PBXGroup;
			children = (
				1D6058910D05DD3D006BFB54 /* MobilePlatformInfo.app */,
			);
			name = Products;
			sourceTree = "<group>";
		};
		29B97314FDCFA39411CA2CEA /* CustomTemplate */ = {
			isa = PBXGroup;
			children = (
				3C99C5EB165428F2004D4E7C /* SystemConfiguration.framework */,
				3C624C8B14C60787009601B3 /* src */,
				3C624C3714C6015F009601B3 /* addons */,
				3C3E11CE14AD0A2D00AC1905 /* assets */,
				BB24E1F710DAA51900E9C588 /* iOS */,
				BB16E9930F2B1E5900518274 /* libs */,
				19C28FACFE9D520D11CA2CBB /* Products */,
			);
			name = CustomTemplate;
			sourceTree = "<group>";
		};
		29B97323FDCFA39411CA2CEA /* core frameworks */ = {
			isa = PBXGroup;
			children = (
				E41D400613B39D2100A75A5D /* AVFoundation.framework */,
				E41D400713B39D2100A75A5D /* CoreMedia.framework */,
				E41D400813B39D2100A75A5D /* CoreVideo.framework */,
				E41D400913B39D2100A75A5D /* MapKit.framework */,
				53F323EA10A20EDB00E0DAE4 /* OpenAL.framework */,
				E4A823A312561BE3002F86A2 /* CoreGraphics.framework */,
				BBE5EAB70F49AD8400F28951 /* AudioToolbox.framework */,
				BB16EBD80F2B2AB500518274 /* QuartzCore.framework */,
				BB16EBD10F2B2A9500518274 /* OpenGLES.framework */,
				1DF5F4DF0D08C38300B7A737 /* UIKit.framework */,
				1D30AB110D05D00D00671497 /* Foundation.framework */,
				288765FC0DF74451002DB57D /* CoreGraphics.framework */,
				5326AEA710A23A0500278DE6 /* CoreLocation.framework */,
			);
			name = "core frameworks";
			sourceTree = "<group>";
		};
		3C2AAAFD14FD6339006A25CC /* Products */ = {
			isa = PBXGroup;
			children = (
				3C2AAB0614FD633A006A25CC /* libofxGeneric.a */,
			);
			name = Products;
			sourceTree = "<group>";
		};
		3C3E11CE14AD0A2D00AC1905 /* assets */ = {
			isa = PBXGroup;
			children = (
				3CDECEA6156C1B2600E4F80B /* Default.png */,
				3CDECEA7156C1B2600E4F80B /* Default@2x.png */,
				3C5BD6E9156C0D7800E44854 /* icon-57.png */,
				3C5BD6EA156C0D7800E44854 /* icon-114.png */,
				3C5BD6DF156C0A9300E44854 /* icon-72.png */,
				3C5BD6E0156C0A9300E44854 /* icon-144.png */,
				3C5BD6E1156C0A9300E44854 /* icon.png */,
			);
			name = assets;
			path = ../assets;
			sourceTree = "<group>";
		};
		3C624C3714C6015F009601B3 /* addons */ = {
			isa = PBXGroup;
			children = (
				3C2AAAFC14FD6339006A25CC /* ofxGeneric.xcodeproj */,
			);
			name = addons;
			sourceTree = "<group>";
		};
		3C624C8B14C60787009601B3 /* src */ = {
			isa = PBXGroup;
			children = (
				3C55642B1523D23C0063AFFC /* InfoView.cpp */,
				3C55642C1523D23C0063AFFC /* InfoView.h */,
				3C45179314E9AF1E0021A21F /* LumosityUtility.cpp */,
				3C45179414E9AF1E0021A21F /* LumosityUtility.h */,
				3C624C9014C60787009601B3 /* PlatformInfo.h */,
				3C624C9114C60787009601B3 /* PlatformInfo.cpp */,
				3C624C9214C60787009601B3 /* main.cpp */,
			);
			name = src;
			path = ../src;
			sourceTree = "<group>";
		};
		3C75415D164C4B0B0074EF1C /* configs */ = {
			isa = PBXGroup;
			children = (
				3C75415E164C4B0B0074EF1C /* Debug.xcconfig */,
				3C75415F164C4B0B0074EF1C /* Distribution.xcconfig */,
				3C754160164C4B0B0074EF1C /* Release.xcconfig */,
				3C754161164C4B0B0074EF1C /* SharedProject.xcconfig */,
				3C754162164C4B0B0074EF1C /* TestDistribution.xcconfig */,
			);
			path = configs;
			sourceTree = "<group>";
		};
		BB16E9930F2B1E5900518274 /* libs */ = {
			isa = PBXGroup;
			children = (
				BBE5E94E0F497BD800F28951 /* core */,
			);
			name = libs;
			sourceTree = "<group>";
		};
		BB24E1F710DAA51900E9C588 /* iOS */ = {
			isa = PBXGroup;
			children = (
				3C75415D164C4B0B0074EF1C /* configs */,
				3CA6DD191511908D00388936 /* PlatformInfo.entitlements */,
				32CA4F630368D1EE00C91783 /* iOS_Prefix.pch */,
				BB24DDC910DA781C00E9C588 /* iOS-Info.plist */,
			);
			name = iOS;
			sourceTree = "<group>";
		};
		BBE5E94E0F497BD800F28951 /* core */ = {
			isa = PBXGroup;
			children = (
				29B97323FDCFA39411CA2CEA /* core frameworks */,
			);
			name = core;
			sourceTree = "<group>";
		};
/* End PBXGroup section */

/* Begin PBXNativeTarget section */
		1D6058900D05DD3D006BFB54 /* MobilePlatformInfo */ = {
			isa = PBXNativeTarget;
			buildConfigurationList = 1D6058960D05DD3E006BFB54 /* Build configuration list for PBXNativeTarget "MobilePlatformInfo" */;
			buildPhases = (
				1D60588D0D05DD3D006BFB54 /* Resources */,
				1D60588E0D05DD3D006BFB54 /* Sources */,
				1D60588F0D05DD3D006BFB54 /* Frameworks */,
				9255DD331112741900D6945E /* ShellScript */,
			);
			buildRules = (
			);
			dependencies = (
				3C2AAB0F14FD6380006A25CC /* PBXTargetDependency */,
			);
			name = MobilePlatformInfo;
			productName = iOS;
			productReference = 1D6058910D05DD3D006BFB54 /* MobilePlatformInfo.app */;
			productType = "com.apple.product-type.application";
		};
/* End PBXNativeTarget section */

/* Begin PBXProject section */
		29B97313FDCFA39411CA2CEA /* Project object */ = {
			isa = PBXProject;
			attributes = {
				LastUpgradeCheck = 0430;
				ORGANIZATIONNAME = "Lumos Labs";
			};
			buildConfigurationList = C01FCF4E08A954540054247B /* Build configuration list for PBXProject "iOS" */;
			compatibilityVersion = "Xcode 3.2";
			developmentRegion = English;
			hasScannedForEncodings = 1;
			knownRegions = (
				English,
				Japanese,
				French,
				German,
			);
			mainGroup = 29B97314FDCFA39411CA2CEA /* CustomTemplate */;
			projectDirPath = "";
			projectReferences = (
				{
					ProductGroup = 3C2AAAFD14FD6339006A25CC /* Products */;
					ProjectRef = 3C2AAAFC14FD6339006A25CC /* ofxGeneric.xcodeproj */;
				},
			);
			projectRoot = "";
			targets = (
				1D6058900D05DD3D006BFB54 /* MobilePlatformInfo */,
			);
		};
/* End PBXProject section */

/* Begin PBXReferenceProxy section */
		3C2AAB0614FD633A006A25CC /* libofxGeneric.a */ = {
			isa = PBXReferenceProxy;
			fileType = archive.ar;
			path = libofxGeneric.a;
			remoteRef = 3C2AAB0514FD633A006A25CC /* PBXContainerItemProxy */;
			sourceTree = BUILT_PRODUCTS_DIR;
		};
/* End PBXReferenceProxy section */

/* Begin PBXResourcesBuildPhase section */
		1D60588D0D05DD3D006BFB54 /* Resources */ = {
			isa = PBXResourcesBuildPhase;
			buildActionMask = 2147483647;
			files = (
				3C5BD6E2156C0A9300E44854 /* icon-72.png in Resources */,
				3C5BD6E3156C0A9300E44854 /* icon-144.png in Resources */,
				3C5BD6E4156C0A9300E44854 /* icon.png in Resources */,
				3C5BD6EB156C0D7800E44854 /* icon-57.png in Resources */,
				3C5BD6EC156C0D7800E44854 /* icon-114.png in Resources */,
				3CDECEA8156C1B2600E4F80B /* Default.png in Resources */,
				3CDECEA9156C1B2600E4F80B /* Default@2x.png in Resources */,
				3C754163164C4B0B0074EF1C /* Debug.xcconfig in Resources */,
				3C754164164C4B0B0074EF1C /* Distribution.xcconfig in Resources */,
				3C754165164C4B0B0074EF1C /* Release.xcconfig in Resources */,
				3C754166164C4B0B0074EF1C /* SharedProject.xcconfig in Resources */,
				3C754167164C4B0B0074EF1C /* TestDistribution.xcconfig in Resources */,
			);
			runOnlyForDeploymentPostprocessing = 0;
		};
/* End PBXResourcesBuildPhase section */

/* Begin PBXShellScriptBuildPhase section */
		9255DD331112741900D6945E /* ShellScript */ = {
			isa = PBXShellScriptBuildPhase;
			buildActionMask = 2147483647;
			files = (
			);
			inputPaths = (
			);
			outputPaths = (
			);
			runOnlyForDeploymentPostprocessing = 0;
			shellPath = /bin/sh;
			shellScript = "# cp -rf bin/data/ \"$TARGET_BUILD_DIR/$PRODUCT_NAME.app\"";
		};
/* End PBXShellScriptBuildPhase section */

/* Begin PBXSourcesBuildPhase section */
		1D60588E0D05DD3D006BFB54 /* Sources */ = {
			isa = PBXSourcesBuildPhase;
			buildActionMask = 2147483647;
			files = (
				3C624C9814C60787009601B3 /* PlatformInfo.cpp in Sources */,
				3C624C9914C60787009601B3 /* main.cpp in Sources */,
				3C45179514E9AF1E0021A21F /* LumosityUtility.cpp in Sources */,
				3C55642D1523D23C0063AFFC /* InfoView.cpp in Sources */,
			);
			runOnlyForDeploymentPostprocessing = 0;
		};
/* End PBXSourcesBuildPhase section */

/* Begin PBXTargetDependency section */
		3C2AAB0F14FD6380006A25CC /* PBXTargetDependency */ = {
			isa = PBXTargetDependency;
			name = ofxGeneric;
			targetProxy = 3C2AAB0E14FD6380006A25CC /* PBXContainerItemProxy */;
		};
/* End PBXTargetDependency section */

/* Begin XCBuildConfiguration section */
		1D6058940D05DD3E006BFB54 /* Debug */ = {
			isa = XCBuildConfiguration;
			buildSettings = {
				ALWAYS_SEARCH_USER_PATHS = NO;
				GCC_PRECOMPILE_PREFIX_HEADER = YES;
				GCC_PREFIX_HEADER = iOS_Prefix.pch;
				INFOPLIST_FILE = "iOS-Info.plist";
				IPHONEOS_DEPLOYMENT_TARGET = 4.3;
				PRODUCT_NAME = "${TARGET_NAME}";
			};
			name = Debug;
		};
		1D6058950D05DD3E006BFB54 /* Release */ = {
			isa = XCBuildConfiguration;
			buildSettings = {
				GCC_PRECOMPILE_PREFIX_HEADER = YES;
				GCC_PREFIX_HEADER = iOS_Prefix.pch;
				INFOPLIST_FILE = "iOS-Info.plist";
				IPHONEOS_DEPLOYMENT_TARGET = 4.3;
				PRODUCT_NAME = "${TARGET_NAME}";
			};
			name = Release;
		};
		3CA6DD0D151162FD00388936 /* TestDistribution */ = {
			isa = XCBuildConfiguration;
			baseConfigurationReference = 3C754162164C4B0B0074EF1C /* TestDistribution.xcconfig */;
			buildSettings = {
				ALWAYS_SEARCH_USER_PATHS = YES;
				ARCHS = (
					armv6,
					armv7,
				);
				CLANG_WARN_SUSPICIOUS_IMPLICIT_CONVERSION = YES;
				CODE_SIGN_IDENTITY = "iPhone Distribution: Lumos Labs, Inc.";
				"CODE_SIGN_IDENTITY[sdk=iphoneos*]" = "iPhone Distribution";
				COPY_PHASE_STRIP = NO;
				GCC_C_LANGUAGE_STANDARD = c99;
				GCC_DYNAMIC_NO_PIC = YES;
				GCC_GENERATE_DEBUGGING_SYMBOLS = YES;
				GCC_OPTIMIZATION_LEVEL = 3;
				GCC_PREPROCESSOR_DEFINITIONS = TARGET_OS_IPHONE;
				GCC_SYMBOLS_PRIVATE_EXTERN = NO;
				GCC_THUMB_SUPPORT = NO;
				GCC_WARN_ABOUT_RETURN_TYPE = YES;
				GCC_WARN_HIDDEN_VIRTUAL_FUNCTIONS = NO;
				GCC_WARN_NON_VIRTUAL_DESTRUCTOR = YES;
				GCC_WARN_SHADOW = YES;
				GCC_WARN_SIGN_COMPARE = YES;
				GCC_WARN_UNINITIALIZED_AUTOS = YES;
				GCC_WARN_UNUSED_VARIABLE = YES;
				IPHONEOS_DEPLOYMENT_TARGET = 3.1;
				ONLY_ACTIVE_ARCH = NO;
				PROVISIONING_PROFILE = "3C975A4E-6F17-4E14-95B5-51A431070493";
				"PROVISIONING_PROFILE[sdk=iphoneos*]" = "";
				SDKROOT = iphoneos;
				SKIP_INSTALL = NO;
				TARGETED_DEVICE_FAMILY = "1,2";
			};
			name = TestDistribution;
		};
		3CA6DD0E151162FD00388936 /* TestDistribution */ = {
			isa = XCBuildConfiguration;
			buildSettings = {
				CODE_SIGN_ENTITLEMENTS = PlatformInfo.entitlements;
				GCC_PRECOMPILE_PREFIX_HEADER = YES;
				GCC_PREFIX_HEADER = iOS_Prefix.pch;
				INFOPLIST_FILE = "iOS-Info.plist";
				IPHONEOS_DEPLOYMENT_TARGET = 4.3;
				PRODUCT_NAME = "${TARGET_NAME}";
			};
			name = TestDistribution;
		};
		3CACDD0F14AC011A00F9BA3A /* Distribution */ = {
			isa = XCBuildConfiguration;
			baseConfigurationReference = 3C75415F164C4B0B0074EF1C /* Distribution.xcconfig */;
			buildSettings = {
				ALWAYS_SEARCH_USER_PATHS = YES;
				ARCHS = (
					armv6,
					armv7,
				);
				CLANG_WARN_SUSPICIOUS_IMPLICIT_CONVERSION = YES;
				CODE_SIGN_IDENTITY = "";
				"CODE_SIGN_IDENTITY[sdk=iphoneos*]" = "iPhone Distribution";
				GCC_C_LANGUAGE_STANDARD = c99;
				GCC_DYNAMIC_NO_PIC = YES;
				GCC_GENERATE_DEBUGGING_SYMBOLS = NO;
				GCC_OPTIMIZATION_LEVEL = 3;
				GCC_PREPROCESSOR_DEFINITIONS = TARGET_OS_IPHONE;
				GCC_SYMBOLS_PRIVATE_EXTERN = NO;
				GCC_THUMB_SUPPORT = NO;
				GCC_WARN_ABOUT_RETURN_TYPE = YES;
				GCC_WARN_HIDDEN_VIRTUAL_FUNCTIONS = NO;
				GCC_WARN_NON_VIRTUAL_DESTRUCTOR = YES;
				GCC_WARN_SHADOW = YES;
				GCC_WARN_SIGN_COMPARE = YES;
				GCC_WARN_UNINITIALIZED_AUTOS = YES;
				GCC_WARN_UNUSED_VARIABLE = YES;
				IPHONEOS_DEPLOYMENT_TARGET = 3.1;
				ONLY_ACTIVE_ARCH = NO;
				"PROVISIONING_PROFILE[sdk=iphoneos*]" = "";
				SDKROOT = iphoneos;
				SKIP_INSTALL = NO;
				TARGETED_DEVICE_FAMILY = "1,2";
			};
			name = Distribution;
		};
		3CACDD1014AC011A00F9BA3A /* Distribution */ = {
			isa = XCBuildConfiguration;
			buildSettings = {
				CODE_SIGN_ENTITLEMENTS = PlatformInfo.entitlements;
				GCC_PRECOMPILE_PREFIX_HEADER = YES;
				GCC_PREFIX_HEADER = iOS_Prefix.pch;
				INFOPLIST_FILE = "iOS-Info.plist";
				IPHONEOS_DEPLOYMENT_TARGET = 4.3;
				PRODUCT_NAME = "${TARGET_NAME}";
			};
			name = Distribution;
		};
		C01FCF4F08A954540054247B /* Debug */ = {
			isa = XCBuildConfiguration;
			baseConfigurationReference = 3C75415E164C4B0B0074EF1C /* Debug.xcconfig */;
			buildSettings = {
				ALWAYS_SEARCH_USER_PATHS = YES;
				ARCHS = (
					armv6,
					armv7,
				);
				CLANG_WARN_SUSPICIOUS_IMPLICIT_CONVERSION = YES;
				CODE_SIGN_IDENTITY = "";
				"CODE_SIGN_IDENTITY[sdk=iphoneos*]" = "iPhone Developer";
				COMPRESS_PNG_FILES = NO;
				COPY_PHASE_STRIP = NO;
				DEAD_CODE_STRIPPING = NO;
				GCC_C_LANGUAGE_STANDARD = c99;
				GCC_OPTIMIZATION_LEVEL = 0;
				GCC_PREPROCESSOR_DEFINITIONS = (
					DEBUG,
					TARGET_OS_IPHONE,
				);
				GCC_SYMBOLS_PRIVATE_EXTERN = NO;
				GCC_WARN_ABOUT_DEPRECATED_FUNCTIONS = YES;
				GCC_WARN_ABOUT_INVALID_OFFSETOF_MACRO = NO;
				GCC_WARN_ABOUT_POINTER_SIGNEDNESS = NO;
				GCC_WARN_ABOUT_RETURN_TYPE = YES;
				GCC_WARN_ALLOW_INCOMPLETE_PROTOCOL = YES;
				GCC_WARN_HIDDEN_VIRTUAL_FUNCTIONS = NO;
				GCC_WARN_NON_VIRTUAL_DESTRUCTOR = YES;
				GCC_WARN_PROTOTYPE_CONVERSION = NO;
				GCC_WARN_SHADOW = YES;
				GCC_WARN_SIGN_COMPARE = YES;
				GCC_WARN_UNINITIALIZED_AUTOS = YES;
				GCC_WARN_UNUSED_VARIABLE = YES;
				IPHONEOS_DEPLOYMENT_TARGET = 3.1;
				LINKER_DISPLAYS_MANGLED_NAMES = YES;
				ONLY_ACTIVE_ARCH = NO;
				PRESERVE_DEAD_CODE_INITS_AND_TERMS = YES;
				"PROVISIONING_PROFILE[sdk=iphoneos*]" = "";
				SDKROOT = iphoneos;
				TARGETED_DEVICE_FAMILY = "1,2";
				WARNING_LDFLAGS = "-no_arch_warnings";
			};
			name = Debug;
		};
		C01FCF5008A954540054247B /* Release */ = {
			isa = XCBuildConfiguration;
			baseConfigurationReference = 3C754160164C4B0B0074EF1C /* Release.xcconfig */;
			buildSettings = {
				ALWAYS_SEARCH_USER_PATHS = YES;
				ARCHS = (
					armv6,
					armv7,
				);
				CLANG_WARN_SUSPICIOUS_IMPLICIT_CONVERSION = YES;
				CODE_SIGN_IDENTITY = "";
				"CODE_SIGN_IDENTITY[sdk=iphoneos*]" = "iPhone Developer";
				COPY_PHASE_STRIP = NO;
				GCC_C_LANGUAGE_STANDARD = c99;
				GCC_DYNAMIC_NO_PIC = YES;
				GCC_GENERATE_DEBUGGING_SYMBOLS = YES;
				GCC_OPTIMIZATION_LEVEL = 3;
				GCC_PREPROCESSOR_DEFINITIONS = TARGET_OS_IPHONE;
				GCC_SYMBOLS_PRIVATE_EXTERN = NO;
				GCC_THUMB_SUPPORT = NO;
				GCC_WARN_ABOUT_RETURN_TYPE = YES;
				GCC_WARN_HIDDEN_VIRTUAL_FUNCTIONS = NO;
				GCC_WARN_NON_VIRTUAL_DESTRUCTOR = YES;
				GCC_WARN_SHADOW = YES;
				GCC_WARN_SIGN_COMPARE = YES;
				GCC_WARN_UNINITIALIZED_AUTOS = YES;
				GCC_WARN_UNUSED_VARIABLE = YES;
				IPHONEOS_DEPLOYMENT_TARGET = 3.1;
				ONLY_ACTIVE_ARCH = NO;
				SDKROOT = iphoneos;
				TARGETED_DEVICE_FAMILY = "1,2";
			};
			name = Release;
		};
/* End XCBuildConfiguration section */

/* Begin XCConfigurationList section */
		1D6058960D05DD3E006BFB54 /* Build configuration list for PBXNativeTarget "MobilePlatformInfo" */ = {
			isa = XCConfigurationList;
			buildConfigurations = (
				1D6058940D05DD3E006BFB54 /* Debug */,
				1D6058950D05DD3E006BFB54 /* Release */,
				3CA6DD0E151162FD00388936 /* TestDistribution */,
				3CACDD1014AC011A00F9BA3A /* Distribution */,
			);
			defaultConfigurationIsVisible = 0;
			defaultConfigurationName = Release;
		};
		C01FCF4E08A954540054247B /* Build configuration list for PBXProject "iOS" */ = {
			isa = XCConfigurationList;
			buildConfigurations = (
				C01FCF4F08A954540054247B /* Debug */,
				C01FCF5008A954540054247B /* Release */,
				3CA6DD0D151162FD00388936 /* TestDistribution */,
				3CACDD0F14AC011A00F9BA3A /* Distribution */,
			);
			defaultConfigurationIsVisible = 0;
			defaultConfigurationName = Release;
		};
/* End XCConfigurationList section */
	};
	rootObject = 29B97313FDCFA39411CA2CEA /* Project object */;
}
